
Microsoft Visual Studio Solution File, Format Version 12.00
# Visual Studio Version 17
VisualStudioVersion = 17.0.31903.59
MinimumVisualStudioVersion = 10.0.40219.1
Project("{FAE04EC0-301F-11D3-BF4B-00C04F79EFBC}") = "RakNetAgain", "RakNetAgain\RakNetAgain.csproj", "{F619AAEC-CAA1-45D8-865E-D27D4C459EE8}"
EndProject
Project("{FAE04EC0-301F-11D3-BF4B-00C04F79EFBC}") = "RakNetRunner", "RakNetRunner\RakNetRunner.csproj", "{B9726A58-B67C-4336-8B57-35626A9EB652}"
EndProject
Project("{FAE04EC0-301F-11D3-BF4B-00C04F79EFBC}") = "RakNetOnix", "RakNetOnix\RakNetOnix.csproj", "{C0CEFB09-0CF0-4A1D-9C86-7E036EA68668}"
EndProject
Global
	GlobalSection(SolutionConfigurationPlatforms) = preSolution
		Debug|Any CPU = Debug|Any CPU
		Debug|x64 = Debug|x64
		Debug|x86 = Debug|x86
		Release|Any CPU = Release|Any CPU
		Release|x64 = Release|x64
		Release|x86 = Release|x86
	EndGlobalSection
	GlobalSection(ProjectConfigurationPlatforms) = postSolution
		{F619AAEC-CAA1-45D8-865E-D27D4C459EE8}.Debug|Any CPU.ActiveCfg = Debug|Any CPU
		{F619AAEC-CAA1-45D8-865E-D27D4C459EE8}.Debug|Any CPU.Build.0 = Debug|Any CPU
		{F619AAEC-CAA1-45D8-865E-D27D4C459EE8}.Debug|x64.ActiveCfg = Debug|Any CPU
		{F619AAEC-CAA1-45D8-865E-D27D4C459EE8}.Debug|x64.Build.0 = Debug|Any CPU
		{F619AAEC-CAA1-45D8-865E-D27D4C459EE8}.Debug|x86.ActiveCfg = Debug|Any CPU
		{F619AAEC-CAA1-45D8-865E-D27D4C459EE8}.Debug|x86.Build.0 = Debug|Any CPU
		{F619AAEC-CAA1-45D8-865E-D27D4C459EE8}.Release|Any CPU.ActiveCfg = Release|Any CPU
		{F619AAEC-CAA1-45D8-865E-D27D4C459EE8}.Release|Any CPU.Build.0 = Release|Any CPU
		{F619AAEC-CAA1-45D8-865E-D27D4C459EE8}.Release|x64.ActiveCfg = Release|Any CPU
		{F619AAEC-CAA1-45D8-865E-D27D4C459EE8}.Release|x64.Build.0 = Release|Any CPU
		{F619AAEC-CAA1-45D8-865E-D27D4C459EE8}.Release|x86.ActiveCfg = Release|Any CPU
		{F619AAEC-CAA1-45D8-865E-D27D4C459EE8}.Release|x86.Build.0 = Release|Any CPU
		{B9726A58-B67C-4336-8B57-35626A9EB652}.Debug|Any CPU.ActiveCfg = Debug|Any CPU
		{B9726A58-B67C-4336-8B57-35626A9EB652}.Debug|Any CPU.Build.0 = Debug|Any CPU
		{B9726A58-B67C-4336-8B57-35626A9EB652}.Debug|x64.ActiveCfg = Debug|Any CPU
		{B9726A58-B67C-4336-8B57-35626A9EB652}.Debug|x64.Build.0 = Debug|Any CPU
		{B9726A58-B67C-4336-8B57-35626A9EB652}.Debug|x86.ActiveCfg = Debug|Any CPU
		{B9726A58-B67C-4336-8B57-35626A9EB652}.Debug|x86.Build.0 = Debug|Any CPU
		{B9726A58-B67C-4336-8B57-35626A9EB652}.Release|Any CPU.ActiveCfg = Release|Any CPU
		{B9726A58-B67C-4336-8B57-35626A9EB652}.Release|Any CPU.Build.0 = Release|Any CPU
		{B9726A58-B67C-4336-8B57-35626A9EB652}.Release|x64.ActiveCfg = Release|Any CPU
		{B9726A58-B67C-4336-8B57-35626A9EB652}.Release|x64.Build.0 = Release|Any CPU
		{B9726A58-B67C-4336-8B57-35626A9EB652}.Release|x86.ActiveCfg = Release|Any CPU
		{B9726A58-B67C-4336-8B57-35626A9EB652}.Release|x86.Build.0 = Release|Any CPU
		{C0CEFB09-0CF0-4A1D-9C86-7E036EA68668}.Debug|Any CPU.ActiveCfg = Debug|x64
		{C0CEFB09-0CF0-4A1D-9C86-7E036EA68668}.Debug|Any CPU.Build.0 = Debug|x64
		{C0CEFB09-0CF0-4A1D-9C86-7E036EA68668}.Debug|x64.ActiveCfg = Debug|x64
		{C0CEFB09-0CF0-4A1D-9C86-7E036EA68668}.Debug|x64.Build.0 = Debug|x64
		{C0CEFB09-0CF0-4A1D-9C86-7E036EA68668}.Debug|x86.ActiveCfg = Debug|x64
		{C0CEFB09-0CF0-4A1D-9C86-7E036EA68668}.Debug|x86.Build.0 = Debug|x64
		{C0CEFB09-0CF0-4A1D-9C86-7E036EA68668}.Release|Any CPU.ActiveCfg = Release|x64
		{C0CEFB09-0CF0-4A1D-9C86-7E036EA68668}.Release|Any CPU.Build.0 = Release|x64
		{C0CEFB09-0CF0-4A1D-9C86-7E036EA68668}.Release|x64.ActiveCfg = Release|x64
		{C0CEFB09-0CF0-4A1D-9C86-7E036EA68668}.Release|x64.Build.0 = Release|x64
		{C0CEFB09-0CF0-4A1D-9C86-7E036EA68668}.Release|x86.ActiveCfg = Release|x64
		{C0CEFB09-0CF0-4A1D-9C86-7E036EA68668}.Release|x86.Build.0 = Release|x64
	EndGlobalSection
	GlobalSection(SolutionProperties) = preSolution
		HideSolutionNode = FALSE
	EndGlobalSection
EndGlobal
